
Microsoft Visual Studio Solution File, Format Version 12.00
# Visual Studio Version 17
VisualStudioVersion = 17.0.31903.59
MinimumVisualStudioVersion = 10.0.40219.1
Project("{2150E333-8FDC-42A3-9474-1A3956D46DE8}") = "src", "src", "{831B349B-D340-4BE4-90B2-3C0818B261E9}"
EndProject
Project("{2150E333-8FDC-42A3-9474-1A3956D46DE8}") = "Catalog", "Catalog", "{0626430C-3293-4AF1-9C77-71C96FFD8A92}"
EndProject
Project("{FAE04EC0-301F-11D3-BF4B-00C04F79EFBC}") = "Catalog.API", "src\Catalog\Catalog.API\Catalog.API.csproj", "{0D19CE3F-D0A3-45B4-836A-366259C0E826}"
EndProject
Project("{2150E333-8FDC-42A3-9474-1A3956D46DE8}") = "Discount", "Discount", "{A559CD37-8F7E-48F2-9656-9BDEBEF32E0F}"
EndProject
Project("{FAE04EC0-301F-11D3-BF4B-00C04F79EFBC}") = "DiscountGrpc", "src\Discount\DiscountGrpc\DiscountGrpc.csproj", "{9B3906FA-5466-4DD8-AF3C-D103E8EFAEEC}"
EndProject
Global
	GlobalSection(SolutionConfigurationPlatforms) = preSolution
		Debug|Any CPU = Debug|Any CPU
		Release|Any CPU = Release|Any CPU
	EndGlobalSection
	GlobalSection(SolutionProperties) = preSolution
		HideSolutionNode = FALSE
	EndGlobalSection
	GlobalSection(ProjectConfigurationPlatforms) = postSolution
		{0D19CE3F-D0A3-45B4-836A-366259C0E826}.Debug|Any CPU.ActiveCfg = Debug|Any CPU
		{0D19CE3F-D0A3-45B4-836A-366259C0E826}.Debug|Any CPU.Build.0 = Debug|Any CPU
		{0D19CE3F-D0A3-45B4-836A-366259C0E826}.Release|Any CPU.ActiveCfg = Release|Any CPU
		{0D19CE3F-D0A3-45B4-836A-366259C0E826}.Release|Any CPU.Build.0 = Release|Any CPU
		{9B3906FA-5466-4DD8-AF3C-D103E8EFAEEC}.Debug|Any CPU.ActiveCfg = Debug|Any CPU
		{9B3906FA-5466-4DD8-AF3C-D103E8EFAEEC}.Debug|Any CPU.Build.0 = Debug|Any CPU
		{9B3906FA-5466-4DD8-AF3C-D103E8EFAEEC}.Release|Any CPU.ActiveCfg = Release|Any CPU
		{9B3906FA-5466-4DD8-AF3C-D103E8EFAEEC}.Release|Any CPU.Build.0 = Release|Any CPU
	EndGlobalSection
	GlobalSection(NestedProjects) = preSolution
		{0626430C-3293-4AF1-9C77-71C96FFD8A92} = {831B349B-D340-4BE4-90B2-3C0818B261E9}
		{0D19CE3F-D0A3-45B4-836A-366259C0E826} = {0626430C-3293-4AF1-9C77-71C96FFD8A92}
		{A559CD37-8F7E-48F2-9656-9BDEBEF32E0F} = {831B349B-D340-4BE4-90B2-3C0818B261E9}
		{9B3906FA-5466-4DD8-AF3C-D103E8EFAEEC} = {A559CD37-8F7E-48F2-9656-9BDEBEF32E0F}
	EndGlobalSection
EndGlobal
